
Microsoft Visual Studio Solution File, Format Version 12.00
# Visual Studio 14
VisualStudioVersion = 14.0.25123.0
MinimumVisualStudioVersion = 10.0.40219.1
Project("{FAE04EC0-301F-11D3-BF4B-00C04F79EFBC}") = "AirVinyl.Model", "Source\AirVinyl.Model\AirVinyl.Model.csproj", "{CE247D1D-93AF-4B16-A57D-29C400BAB021}"
EndProject
Project("{FAE04EC0-301F-11D3-BF4B-00C04F79EFBC}") = "AirVinyl.DataAccessLayer", "Source\AirVinyl.DataAccessLayer\AirVinyl.DataAccessLayer.csproj", "{6D4E8D84-FDF5-45F5-A492-4BE9EDF3B42B}"
EndProject
Project("{FAE04EC0-301F-11D3-BF4B-00C04F79EFBC}") = "AirVinyl.API", "Source\AirVinyl.API\AirVinyl.API.csproj", "{BC825541-B646-44E3-A8A7-E468376B8E3D}"
EndProject
Global
	GlobalSection(SolutionConfigurationPlatforms) = preSolution
		Debug|Any CPU = Debug|Any CPU
		Release|Any CPU = Release|Any CPU
	EndGlobalSection
	GlobalSection(ProjectConfigurationPlatforms) = postSolution
		{CE247D1D-93AF-4B16-A57D-29C400BAB021}.Debug|Any CPU.ActiveCfg = Debug|Any CPU
		{CE247D1D-93AF-4B16-A57D-29C400BAB021}.Debug|Any CPU.Build.0 = Debug|Any CPU
		{CE247D1D-93AF-4B16-A57D-29C400BAB021}.Release|Any CPU.ActiveCfg = Release|Any CPU
		{CE247D1D-93AF-4B16-A57D-29C400BAB021}.Release|Any CPU.Build.0 = Release|Any CPU
		{6D4E8D84-FDF5-45F5-A492-4BE9EDF3B42B}.Debug|Any CPU.ActiveCfg = Debug|Any CPU
		{6D4E8D84-FDF5-45F5-A492-4BE9EDF3B42B}.Debug|Any CPU.Build.0 = Debug|Any CPU
		{6D4E8D84-FDF5-45F5-A492-4BE9EDF3B42B}.Release|Any CPU.ActiveCfg = Release|Any CPU
		{6D4E8D84-FDF5-45F5-A492-4BE9EDF3B42B}.Release|Any CPU.Build.0 = Release|Any CPU
		{BC825541-B646-44E3-A8A7-E468376B8E3D}.Debug|Any CPU.ActiveCfg = Debug|Any CPU
		{BC825541-B646-44E3-A8A7-E468376B8E3D}.Debug|Any CPU.Build.0 = Debug|Any CPU
		{BC825541-B646-44E3-A8A7-E468376B8E3D}.Release|Any CPU.ActiveCfg = Release|Any CPU
		{BC825541-B646-44E3-A8A7-E468376B8E3D}.Release|Any CPU.Build.0 = Release|Any CPU
	EndGlobalSection
	GlobalSection(SolutionProperties) = preSolution
		HideSolutionNode = FALSE
	EndGlobalSection
EndGlobal
